// !$*UTF8*$!
{
	archiveVersion = 1;
	classes = {
	};
	objectVersion = 77;
	objects = {

/* Begin PBXBuildFile section */
		426A14FA92BE89B5859FDB91 /* FirebaseCore in Frameworks */ = {isa = PBXBuildFile; productRef = 06CD5044F86AAD3EC9C6DA8D /* FirebaseCore */; };
		54B3876F301724C000CAAC0B /* GoogleMaps in Frameworks */ = {isa = PBXBuildFile; productRef = 54B3876E301724C000CAAC0B /* GoogleMaps */; };
		54B38772301724D700CAAC0B /* GoogleSignIn in Frameworks */ = {isa = PBXBuildFile; productRef = 54B38771301724D700CAAC0B /* GoogleSignIn */; };
		54B387753017253700CAAC0B /* FirebaseAnalytics in Frameworks */ = {isa = PBXBuildFile; productRef = 54B387743017253700CAAC0B /* FirebaseAnalytics */; };
		54B387773017253700CAAC0B /* FirebaseAuth in Frameworks */ = {isa = PBXBuildFile; productRef = 54B387763017253700CAAC0B /* FirebaseAuth */; };
		54B387793017253700CAAC0B /* FirebaseCrashlytics in Frameworks */ = {isa = PBXBuildFile; productRef = 54B387783017253700CAAC0B /* FirebaseCrashlytics */; };
		54B3877B3017253700CAAC0B /* FirebaseFirestore in Frameworks */ = {isa = PBXBuildFile; productRef = 54B3877A3017253700CAAC0B /* FirebaseFirestore */; };
		54B3877D3017253700CAAC0B /* FirebaseMessaging in Frameworks */ = {isa = PBXBuildFile; productRef = 54B3877C3017253700CAAC0B /* FirebaseMessaging */; };
		54B3877F301725DE00CAAC0B /* GoogleService-Info.plist in Resources */ = {isa = PBXBuildFile; fileRef = 54B3877E301725DE00CAAC0B /* GoogleService-Info.plist */; };
/* End PBXBuildFile section */

/* Begin PBXContainerItemProxy section */
		54778C39301721E0000E29EB /* PBXContainerItemProxy */ = {
			isa = PBXContainerItemProxy;
			containerPortal = 54778C21301721DE000E29EB /* Project object */;
			proxyType = 1;
			remoteGlobalIDString = 54778C28301721DE000E29EB;
			remoteInfo = PataGilid;
		};
		54778C43301721E0000E29EB /* PBXContainerItemProxy */ = {
			isa = PBXContainerItemProxy;
			containerPortal = 54778C21301721DE000E29EB /* Project object */;
			proxyType = 1;
			remoteGlobalIDString = 54778C28301721DE000E29EB;
			remoteInfo = PataGilid;
		};
/* End PBXContainerItemProxy section */

/* Begin PBXFileReference section */
		54778C29301721DE000E29EB /* PataGilid.app */ = {isa = PBXFileReference; explicitFileType = wrapper.application; includeInIndex = 0; path = PataGilid.app; sourceTree = BUILT_PRODUCTS_DIR; };
		54778C38301721E0000E29EB /* PataGilidTests.xctest */ = {isa = PBXFileReference; explicitFileType = wrapper.cfbundle; includeInIndex = 0; path = PataGilidTests.xctest; sourceTree = BUILT_PRODUCTS_DIR; };
		54778C42301721E0000E29EB /* PataGilidUITests.xctest */ = {isa = PBXFileReference; explicitFileType = wrapper.cfbundle; includeInIndex = 0; path = PataGilidUITests.xctest; sourceTree = BUILT_PRODUCTS_DIR; };
		54B3877E301725DE00CAAC0B /* GoogleService-Info.plist */ = {isa = PBXFileReference; lastKnownFileType = text.plist.xml; path = "GoogleService-Info.plist"; sourceTree = "<group>"; };
/* End PBXFileReference section */

/* Begin PBXFileSystemSynchronizedRootGroup section */
		54778C2B301721DE000E29EB /* PataGilid */ = {
			isa = PBXFileSystemSynchronizedRootGroup;
			path = PataGilid;
			sourceTree = "<group>";
		};
		54778C3B301721E0000E29EB /* PataGilidTests */ = {
			isa = PBXFileSystemSynchronizedRootGroup;
			path = PataGilidTests;
			sourceTree = "<group>";
		};
		54778C45301721E0000E29EB /* PataGilidUITests */ = {
			isa = PBXFileSystemSynchronizedRootGroup;
			path = PataGilidUITests;
			sourceTree = "<group>";
		};
/* End PBXFileSystemSynchronizedRootGroup section */

/* Begin PBXFrameworksBuildPhase section */
		54778C26301721DE000E29EB /* Frameworks */ = {
			isa = PBXFrameworksBuildPhase;
			buildActionMask = 2147483647;
			files = (
				54B3876F301724C000CAAC0B /* GoogleMaps in Frameworks */,
				54B38772301724D700CAAC0B /* GoogleSignIn in Frameworks */,
				54B3877D3017253700CAAC0B /* FirebaseMessaging in Frameworks */,
				54B387793017253700CAAC0B /* FirebaseCrashlytics in Frameworks */,
				54B387753017253700CAAC0B /* FirebaseAnalytics in Frameworks */,
				54B387773017253700CAAC0B /* FirebaseAuth in Frameworks */,
				54B3877B3017253700CAAC0B /* FirebaseFirestore in Frameworks */,
				426A14FA92BE89B5859FDB91 /* FirebaseCore in Frameworks */,
			);
			runOnlyForDeploymentPostprocessing = 0;
		};
		54778C35301721E0000E29EB /* Frameworks */ = {
			isa = PBXFrameworksBuildPhase;
			buildActionMask = 2147483647;
			files = (
			);
			runOnlyForDeploymentPostprocessing = 0;
		};
		54778C3F301721E0000E29EB /* Frameworks */ = {
			isa = PBXFrameworksBuildPhase;
			buildActionMask = 2147483647;
			files = (
			);
			runOnlyForDeploymentPostprocessing = 0;
		};
/* End PBXFrameworksBuildPhase section */

/* Begin PBXGroup section */
		54778C20301721DE000E29EB = {
			isa = PBXGroup;
			children = (
				54778C2B301721DE000E29EB /* PataGilid */,
				54778C3B301721E0000E29EB /* PataGilidTests */,
				54778C45301721E0000E29EB /* PataGilidUITests */,
				54778C2A301721DE000E29EB /* Products */,
				54B3877E301725DE00CAAC0B /* GoogleService-Info.plist */,
			);
			sourceTree = "<group>";
		};
		54778C2A301721DE000E29EB /* Products */ = {
			isa = PBXGroup;
			children = (
				54778C29301721DE000E29EB /* PataGilid.app */,
				54778C38301721E0000E29EB /* PataGilidTests.xctest */,
				54778C42301721E0000E29EB /* PataGilidUITests.xctest */,
			);
			name = Products;
			sourceTree = "<group>";
		};
/* End PBXGroup section */

/* Begin PBXNativeTarget section */
		54778C28301721DE000E29EB /* PataGilid */ = {
			isa = PBXNativeTarget;
			buildConfigurationList = 54778C4C301721E0000E29EB /* Build configuration list for PBXNativeTarget "PataGilid" */;
			buildPhases = (
				54778C25301721DE000E29EB /* Sources */,
				54778C26301721DE000E29EB /* Frameworks */,
				54778C27301721DE000E29EB /* Resources */,
				9448A305E3D6DC8E6469C9E1 /* ShellScript */,
			);
			buildRules = (
			);
			dependencies = (
			);
			fileSystemSynchronizedGroups = (
				54778C2B301721DE000E29EB /* PataGilid */,
			);
			name = PataGilid;
			packageProductDependencies = (
				54B3876E301724C000CAAC0B /* GoogleMaps */,
				54B38771301724D700CAAC0B /* GoogleSignIn */,
				54B387743017253700CAAC0B /* FirebaseAnalytics */,
				54B387763017253700CAAC0B /* FirebaseAuth */,
				54B387783017253700CAAC0B /* FirebaseCrashlytics */,
				54B3877A3017253700CAAC0B /* FirebaseFirestore */,
				54B3877C3017253700CAAC0B /* FirebaseMessaging */,
				06CD5044F86AAD3EC9C6DA8D /* FirebaseCore */,
			);
			productName = PataGilid;
			productReference = 54778C29301721DE000E29EB /* PataGilid.app */;
			productType = "com.apple.product-type.application";
		};
		54778C37301721E0000E29EB /* PataGilidTests */ = {
			isa = PBXNativeTarget;
			buildConfigurationList = 54778C4F301721E0000E29EB /* Build configuration list for PBXNativeTarget "PataGilidTests" */;
			buildPhases = (
				54778C34301721E0000E29EB /* Sources */,
				54778C35301721E0000E29EB /* Frameworks */,
				54778C36301721E0000E29EB /* Resources */,
			);
			buildRules = (
			);
			dependencies = (
				54778C3A301721E0000E29EB /* PBXTargetDependency */,
			);
			fileSystemSynchronizedGroups = (
				54778C3B301721E0000E29EB /* PataGilidTests */,
			);
			name = PataGilidTests;
			packageProductDependencies = (
			);
			productName = PataGilidTests;
			productReference = 54778C38301721E0000E29EB /* PataGilidTests.xctest */;
			productType = "com.apple.product-type.bundle.unit-test";
		};
		54778C41301721E0000E29EB /* PataGilidUITests */ = {
			isa = PBXNativeTarget;
			buildConfigurationList = 54778C52301721E0000E29EB /* Build configuration list for PBXNativeTarget "PataGilidUITests" */;
			buildPhases = (
				54778C3E301721E0000E29EB /* Sources */,
				54778C3F301721E0000E29EB /* Frameworks */,
				54778C40301721E0000E29EB /* Resources */,
			);
			buildRules = (
			);
			dependencies = (
				54778C44301721E0000E29EB /* PBXTargetDependency */,
			);
			fileSystemSynchronizedGroups = (
				54778C45301721E0000E29EB /* PataGilidUITests */,
			);
			name = PataGilidUITests;
			packageProductDependencies = (
			);
			productName = PataGilidUITests;
			productReference = 54778C42301721E0000E29EB /* PataGilidUITests.xctest */;
			productType = "com.apple.product-type.bundle.ui-testing";
		};
/* End PBXNativeTarget section */

/* Begin PBXProject section */
		54778C21301721DE000E29EB /* Project object */ = {
			isa = PBXProject;
			attributes = {
				BuildIndependentTargetsInParallel = 1;
				LastSwiftUpdateCheck = 2660;
				LastUpgradeCheck = 2660;
				TargetAttributes = {
					54778C28301721DE000E29EB = {
						CreatedOnToolsVersion = 26.6;
					};
					54778C37301721E0000E29EB = {
						CreatedOnToolsVersion = 26.6;
						TestTargetID = 54778C28301721DE000E29EB;
					};
					54778C41301721E0000E29EB = {
						CreatedOnToolsVersion = 26.6;
						TestTargetID = 54778C28301721DE000E29EB;
					};
				};
			};
			buildConfigurationList = 54778C24301721DE000E29EB /* Build configuration list for PBXProject "PataGilid" */;
			developmentRegion = en;
			hasScannedForEncodings = 0;
			knownRegions = (
				en,
				Base,
			);
			mainGroup = 54778C20301721DE000E29EB;
			minimizedProjectReferenceProxies = 1;
			packageReferences = (
				54B3876D301724C000CAAC0B /* XCRemoteSwiftPackageReference "ios-maps-sdk" */,
				54B38770301724D700CAAC0B /* XCRemoteSwiftPackageReference "GoogleSignIn-iOS" */,
				54B387733017253700CAAC0B /* XCRemoteSwiftPackageReference "firebase-ios-sdk" */,
			);
			preferredProjectObjectVersion = 77;
			productRefGroup = 54778C2A301721DE000E29EB /* Products */;
			projectDirPath = "";
			projectRoot = "";
			targets = (
				54778C28301721DE000E29EB /* PataGilid */,
				54778C37301721E0000E29EB /* PataGilidTests */,
				54778C41301721E0000E29EB /* PataGilidUITests */,
			);
		};
/* End PBXProject section */

/* Begin PBXResourcesBuildPhase section */
		54778C27301721DE000E29EB /* Resources */ = {
			isa = PBXResourcesBuildPhase;
			buildActionMask = 2147483647;
			files = (
				54B3877F301725DE00CAAC0B /* GoogleService-Info.plist in Resources */,
			);
			runOnlyForDeploymentPostprocessing = 0;
		};
		54778C36301721E0000E29EB /* Resources */ = {
			isa = PBXResourcesBuildPhase;
			buildActionMask = 2147483647;
			files = (
			);
			runOnlyForDeploymentPostprocessing = 0;
		};
		54778C40301721E0000E29EB /* Resources */ = {
			isa = PBXResourcesBuildPhase;
			buildActionMask = 2147483647;
			files = (
			);
			runOnlyForDeploymentPostprocessing = 0;
		};
/* End PBXResourcesBuildPhase section */

/* Begin PBXShellScriptBuildPhase section */
		9448A305E3D6DC8E6469C9E1 /* ShellScript */ = {
			isa = PBXShellScriptBuildPhase;
			buildActionMask = 2147483647;
			files = (
			);
			inputPaths = (
				"${DWARF_DSYM_FOLDER_PATH}/${DWARF_DSYM_FILE_NAME}",
				"${DWARF_DSYM_FOLDER_PATH}/${DWARF_DSYM_FILE_NAME}/Contents/Resources/DWARF/${PRODUCT_NAME}",
				"${DWARF_DSYM_FOLDER_PATH}/${DWARF_DSYM_FILE_NAME}/Contents/Info.plist",
				"$(TARGET_BUILD_DIR)/$(UNLOCALIZED_RESOURCES_FOLDER_PATH)/GoogleService-Info.plist",
				"$(TARGET_BUILD_DIR)/$(EXECUTABLE_PATH)",
				"${DWARF_DSYM_FOLDER_PATH}/${DWARF_DSYM_FILE_NAME}/Contents/Resources/DWARF/${PRODUCT_NAME}.debug.dylib",
			);
			outputPaths = (
			);
			runOnlyForDeploymentPostprocessing = 0;
			shellPath = /bin/sh;
			shellScript = "\"${BUILD_DIR%/Build/*}/SourcePackages/checkouts/firebase-ios-sdk/Crashlytics/run\"\n";
		};
/* End PBXShellScriptBuildPhase section */

/* Begin PBXSourcesBuildPhase section */
		54778C25301721DE000E29EB /* Sources */ = {
			isa = PBXSourcesBuildPhase;
			buildActionMask = 2147483647;
			files = (
			);
			runOnlyForDeploymentPostprocessing = 0;
		};
		54778C34301721E0000E29EB /* Sources */ = {
			isa = PBXSourcesBuildPhase;
			buildActionMask = 2147483647;
			files = (
			);
			runOnlyForDeploymentPostprocessing = 0;
		};
		54778C3E301721E0000E29EB /* Sources */ = {
			isa = PBXSourcesBuildPhase;
			buildActionMask = 2147483647;
			files = (
			);
			runOnlyForDeploymentPostprocessing = 0;
		};
/* End PBXSourcesBuildPhase section */

/* Begin PBXTargetDependency section */
		54778C3A301721E0000E29EB /* PBXTargetDependency */ = {
			isa = PBXTargetDependency;
			target = 54778C28301721DE000E29EB /* PataGilid */;
			targetProxy = 54778C39301721E0000E29EB /* PBXContainerItemProxy */;
		};
		54778C44301721E0000E29EB /* PBXTargetDependency */ = {
			isa = PBXTargetDependency;
			target = 54778C28301721DE000E29EB /* PataGilid */;
			targetProxy = 54778C43301721E0000E29EB /* PBXContainerItemProxy */;
		};
/* End PBXTargetDependency section */

/* Begin XCBuildConfiguration section */
		54778C4A301721E0000E29EB /* Debug */ = {
			isa = XCBuildConfiguration;
			buildSettings = {
				ALWAYS_SEARCH_USER_PATHS = NO;
				ASSETCATALOG_COMPILER_GENERATE_SWIFT_ASSET_SYMBOL_EXTENSIONS = YES;
				CLANG_ANALYZER_NONNULL = YES;
				CLANG_ANALYZER_NUMBER_OBJECT_CONVERSION = YES_AGGRESSIVE;
				CLANG_CXX_LANGUAGE_STANDARD = "gnu++20";
				CLANG_ENABLE_MODULES = YES;
				CLANG_ENABLE_OBJC_ARC = YES;
				CLANG_ENABLE_OBJC_WEAK = YES;
				CLANG_WARN_BLOCK_CAPTURE_AUTORELEASING = YES;
				CLANG_WARN_BOOL_CONVERSION = YES;
				CLANG_WARN_COMMA = YES;
				CLANG_WARN_CONSTANT_CONVERSION = YES;
				CLANG_WARN_DEPRECATED_OBJC_IMPLEMENTATIONS = YES;
				CLANG_WARN_DIRECT_OBJC_ISA_USAGE = YES_ERROR;
				CLANG_WARN_DOCUMENTATION_COMMENTS = YES;
				CLANG_WARN_EMPTY_BODY = YES;
				CLANG_WARN_ENUM_CONVERSION = YES;
				CLANG_WARN_INFINITE_RECURSION = YES;
				CLANG_WARN_INT_CONVERSION = YES;
				CLANG_WARN_NON_LITERAL_NULL_CONVERSION = YES;
				CLANG_WARN_OBJC_IMPLICIT_RETAIN_SELF = YES;
				CLANG_WARN_OBJC_LITERAL_CONVERSION = YES;
				CLANG_WARN_OBJC_ROOT_CLASS = YES_ERROR;
				CLANG_WARN_QUOTED_INCLUDE_IN_FRAMEWORK_HEADER = YES;
				CLANG_WARN_RANGE_LOOP_ANALYSIS = YES;
				CLANG_WARN_STRICT_PROTOTYPES = YES;
				CLANG_WARN_SUSPICIOUS_MOVE = YES;
				CLANG_WARN_UNGUARDED_AVAILABILITY = YES_AGGRESSIVE;
				CLANG_WARN_UNREACHABLE_CODE = YES;
				CLANG_WARN__DUPLICATE_METHOD_MATCH = YES;
				COPY_PHASE_STRIP = NO;
				DEBUG_INFORMATION_FORMAT = "dwarf-with-dsym";
				DEVELOPMENT_TEAM = J88XR9DQS4;
				ENABLE_STRICT_OBJC_MSGSEND = YES;
				ENABLE_TESTABILITY = YES;
				ENABLE_USER_SCRIPT_SANDBOXING = YES;
				GCC_C_LANGUAGE_STANDARD = gnu17;
				GCC_DYNAMIC_NO_PIC = NO;
				GCC_NO_COMMON_BLOCKS = YES;
				GCC_OPTIMIZATION_LEVEL = 0;
				GCC_PREPROCESSOR_DEFINITIONS = (
					"DEBUG=1",
					"$(inherited)",
				);
				GCC_WARN_64_TO_32_BIT_CONVERSION = YES;
				GCC_WARN_ABOUT_RETURN_TYPE = YES_ERROR;
				GCC_WARN_UNDECLARED_SELECTOR = YES;
				GCC_WARN_UNINITIALIZED_AUTOS = YES_AGGRESSIVE;
				GCC_WARN_UNUSED_FUNCTION = YES;
				GCC_WARN_UNUSED_VARIABLE = YES;
				IPHONEOS_DEPLOYMENT_TARGET = 26.5;
				LOCALIZATION_PREFERS_STRING_CATALOGS = YES;
				MTL_ENABLE_DEBUG_INFO = INCLUDE_SOURCE;
				MTL_FAST_MATH = YES;
				ONLY_ACTIVE_ARCH = YES;
				SDKROOT = iphoneos;
				SWIFT_ACTIVE_COMPILATION_CONDITIONS = "DEBUG $(inherited)";
				SWIFT_OPTIMIZATION_LEVEL = "-Onone";
			};
			name = Debug;
		};
		54778C4B301721E0000E29EB /* Release */ = {
			isa = XCBuildConfiguration;
			buildSettings = {
				ALWAYS_SEARCH_USER_PATHS = NO;
				ASSETCATALOG_COMPILER_GENERATE_SWIFT_ASSET_SYMBOL_EXTENSIONS = YES;
				CLANG_ANALYZER_NONNULL = YES;
				CLANG_ANALYZER_NUMBER_OBJECT_CONVERSION = YES_AGGRESSIVE;
				CLANG_CXX_LANGUAGE_STANDARD = "gnu++20";
				CLANG_ENABLE_MODULES = YES;
				CLANG_ENABLE_OBJC_ARC = YES;
				CLANG_ENABLE_OBJC_WEAK = YES;
				CLANG_WARN_BLOCK_CAPTURE_AUTORELEASING = YES;
				CLANG_WARN_BOOL_CONVERSION = YES;
				CLANG_WARN_COMMA = YES;
				CLANG_WARN_CONSTANT_CONVERSION = YES;
				CLANG_WARN_DEPRECATED_OBJC_IMPLEMENTATIONS = YES;
				CLANG_WARN_DIRECT_OBJC_ISA_USAGE = YES_ERROR;
				CLANG_WARN_DOCUMENTATION_COMMENTS = YES;
				CLANG_WARN_EMPTY_BODY = YES;
				CLANG_WARN_ENUM_CONVERSION = YES;
				CLANG_WARN_INFINITE_RECURSION = YES;
				CLANG_WARN_INT_CONVERSION = YES;
				CLANG_WARN_NON_LITERAL_NULL_CONVERSION = YES;
				CLANG_WARN_OBJC_IMPLICIT_RETAIN_SELF = YES;
				CLANG_WARN_OBJC_LITERAL_CONVERSION = YES;
				CLANG_WARN_OBJC_ROOT_CLASS = YES_ERROR;
				CLANG_WARN_QUOTED_INCLUDE_IN_FRAMEWORK_HEADER = YES;
				CLANG_WARN_RANGE_LOOP_ANALYSIS = YES;
				CLANG_WARN_STRICT_PROTOTYPES = YES;
				CLANG_WARN_SUSPICIOUS_MOVE = YES;
				CLANG_WARN_UNGUARDED_AVAILABILITY = YES_AGGRESSIVE;
				CLANG_WARN_UNREACHABLE_CODE = YES;
				CLANG_WARN__DUPLICATE_METHOD_MATCH = YES;
				COPY_PHASE_STRIP = NO;
				DEBUG_INFORMATION_FORMAT = "dwarf-with-dsym";
				DEVELOPMENT_TEAM = J88XR9DQS4;
				ENABLE_NS_ASSERTIONS = NO;
				ENABLE_STRICT_OBJC_MSGSEND = YES;
				ENABLE_USER_SCRIPT_SANDBOXING = YES;
				GCC_C_LANGUAGE_STANDARD = gnu17;
				GCC_NO_COMMON_BLOCKS = YES;
				GCC_WARN_64_TO_32_BIT_CONVERSION = YES;
				GCC_WARN_ABOUT_RETURN_TYPE = YES_ERROR;
				GCC_WARN_UNDECLARED_SELECTOR = YES;
				GCC_WARN_UNINITIALIZED_AUTOS = YES_AGGRESSIVE;
				GCC_WARN_UNUSED_FUNCTION = YES;
				GCC_WARN_UNUSED_VARIABLE = YES;
				IPHONEOS_DEPLOYMENT_TARGET = 26.5;
				LOCALIZATION_PREFERS_STRING_CATALOGS = YES;
				MTL_ENABLE_DEBUG_INFO = NO;
				MTL_FAST_MATH = YES;
				SDKROOT = iphoneos;
				SWIFT_COMPILATION_MODE = wholemodule;
				VALIDATE_PRODUCT = YES;
			};
			name = Release;
		};
		54778C4D301721E0000E29EB /* Debug */ = {
			isa = XCBuildConfiguration;
			buildSettings = {
				ASSETCATALOG_COMPILER_APPICON_NAME = AppIcon;
				ASSETCATALOG_COMPILER_GLOBAL_ACCENT_COLOR_NAME = AccentColor;
				CODE_SIGN_STYLE = Automatic;
				CURRENT_PROJECT_VERSION = 1;
				DEVELOPMENT_TEAM = J88XR9DQS4;
				ENABLE_PREVIEWS = YES;
				GENERATE_INFOPLIST_FILE = YES;
				INFOPLIST_KEY_UIApplicationSceneManifest_Generation = YES;
				INFOPLIST_KEY_UIApplicationSupportsIndirectInputEvents = YES;
				INFOPLIST_KEY_UILaunchScreen_Generation = YES;
				INFOPLIST_KEY_UISupportedInterfaceOrientations_iPad = "UIInterfaceOrientationPortrait UIInterfaceOrientationPortraitUpsideDown UIInterfaceOrientationLandscapeLeft UIInterfaceOrientationLandscapeRight";
				INFOPLIST_KEY_UISupportedInterfaceOrientations_iPhone = "UIInterfaceOrientationPortrait UIInterfaceOrientationLandscapeLeft UIInterfaceOrientationLandscapeRight";
				LD_RUNPATH_SEARCH_PATHS = (
					"$(inherited)",
					"@executable_path/Frameworks",
				);
				MARKETING_VERSION = 1.0;
				OTHER_LDFLAGS = "-ObjC";
				PRODUCT_BUNDLE_IDENTIFIER = com.abrasaldomark.PataGilid;
				PRODUCT_NAME = "$(TARGET_NAME)";
				STRING_CATALOG_GENERATE_SYMBOLS = YES;
				SWIFT_APPROACHABLE_CONCURRENCY = YES;
				SWIFT_DEFAULT_ACTOR_ISOLATION = MainActor;
				SWIFT_EMIT_LOC_STRINGS = YES;
				SWIFT_UPCOMING_FEATURE_MEMBER_IMPORT_VISIBILITY = YES;
				SWIFT_VERSION = 5.0;
				TARGETED_DEVICE_FAMILY = "1,2";
			};
			name = Debug;
		};
		54778C4E301721E0000E29EB /* Release */ = {
			isa = XCBuildConfiguration;
			buildSettings = {
				ASSETCATALOG_COMPILER_APPICON_NAME = AppIcon;
				ASSETCATALOG_COMPILER_GLOBAL_ACCENT_COLOR_NAME = AccentColor;
				CODE_SIGN_STYLE = Automatic;
				CURRENT_PROJECT_VERSION = 1;
				DEVELOPMENT_TEAM = J88XR9DQS4;
				ENABLE_PREVIEWS = YES;
				GENERATE_INFOPLIST_FILE = YES;
				INFOPLIST_KEY_UIApplicationSceneManifest_Generation = YES;
				INFOPLIST_KEY_UIApplicationSupportsIndirectInputEvents = YES;
				INFOPLIST_KEY_UILaunchScreen_Generation = YES;
				INFOPLIST_KEY_UISupportedInterfaceOrientations_iPad = "UIInterfaceOrientationPortrait UIInterfaceOrientationPortraitUpsideDown UIInterfaceOrientationLandscapeLeft UIInterfaceOrientationLandscapeRight";
				INFOPLIST_KEY_UISupportedInterfaceOrientations_iPhone = "UIInterfaceOrientationPortrait UIInterfaceOrientationLandscapeLeft UIInterfaceOrientationLandscapeRight";
				LD_RUNPATH_SEARCH_PATHS = (
					"$(inherited)",
					"@executable_path/Frameworks",
				);
				MARKETING_VERSION = 1.0;
				OTHER_LDFLAGS = "-ObjC";
				PRODUCT_BUNDLE_IDENTIFIER = com.abrasaldomark.PataGilid;
				PRODUCT_NAME = "$(TARGET_NAME)";
				STRING_CATALOG_GENERATE_SYMBOLS = YES;
				SWIFT_APPROACHABLE_CONCURRENCY = YES;
				SWIFT_DEFAULT_ACTOR_ISOLATION = MainActor;
				SWIFT_EMIT_LOC_STRINGS = YES;
				SWIFT_UPCOMING_FEATURE_MEMBER_IMPORT_VISIBILITY = YES;
				SWIFT_VERSION = 5.0;
				TARGETED_DEVICE_FAMILY = "1,2";
			};
			name = Release;
		};
		54778C50301721E0000E29EB /* Debug */ = {
			isa = XCBuildConfiguration;
			buildSettings = {
				BUNDLE_LOADER = "$(TEST_HOST)";
				CODE_SIGN_STYLE = Automatic;
				CURRENT_PROJECT_VERSION = 1;
				DEVELOPMENT_TEAM = J88XR9DQS4;
				GENERATE_INFOPLIST_FILE = YES;
				IPHONEOS_DEPLOYMENT_TARGET = 26.5;
				MARKETING_VERSION = 1.0;
				PRODUCT_BUNDLE_IDENTIFIER = com.abrasaldomark.PataGilidTests;
				PRODUCT_NAME = "$(TARGET_NAME)";
				STRING_CATALOG_GENERATE_SYMBOLS = NO;
				SWIFT_APPROACHABLE_CONCURRENCY = YES;
				SWIFT_EMIT_LOC_STRINGS = NO;
				SWIFT_UPCOMING_FEATURE_MEMBER_IMPORT_VISIBILITY = YES;
				SWIFT_VERSION = 5.0;
				TARGETED_DEVICE_FAMILY = "1,2";
				TEST_HOST = "$(BUILT_PRODUCTS_DIR)/PataGilid.app/$(BUNDLE_EXECUTABLE_FOLDER_PATH)/PataGilid";
			};
			name = Debug;
		};
		54778C51301721E0000E29EB /* Release */ = {
			isa = XCBuildConfiguration;
			buildSettings = {
				BUNDLE_LOADER = "$(TEST_HOST)";
				CODE_SIGN_STYLE = Automatic;
				CURRENT_PROJECT_VERSION = 1;
				DEVELOPMENT_TEAM = J88XR9DQS4;
				GENERATE_INFOPLIST_FILE = YES;
				IPHONEOS_DEPLOYMENT_TARGET = 26.5;
				MARKETING_VERSION = 1.0;
				PRODUCT_BUNDLE_IDENTIFIER = com.abrasaldomark.PataGilidTests;
				PRODUCT_NAME = "$(TARGET_NAME)";
				STRING_CATALOG_GENERATE_SYMBOLS = NO;
				SWIFT_APPROACHABLE_CONCURRENCY = YES;
				SWIFT_EMIT_LOC_STRINGS = NO;
				SWIFT_UPCOMING_FEATURE_MEMBER_IMPORT_VISIBILITY = YES;
				SWIFT_VERSION = 5.0;
				TARGETED_DEVICE_FAMILY = "1,2";
				TEST_HOST = "$(BUILT_PRODUCTS_DIR)/PataGilid.app/$(BUNDLE_EXECUTABLE_FOLDER_PATH)/PataGilid";
			};
			name = Release;
		};
		54778C53301721E0000E29EB /* Debug */ = {
			isa = XCBuildConfiguration;
			buildSettings = {
				CODE_SIGN_STYLE = Automatic;
				CURRENT_PROJECT_VERSION = 1;
				DEVELOPMENT_TEAM = J88XR9DQS4;
				GENERATE_INFOPLIST_FILE = YES;
				MARKETING_VERSION = 1.0;
				PRODUCT_BUNDLE_IDENTIFIER = com.abrasaldomark.PataGilidUITests;
				PRODUCT_NAME = "$(TARGET_NAME)";
				STRING_CATALOG_GENERATE_SYMBOLS = NO;
				SWIFT_APPROACHABLE_CONCURRENCY = YES;
				SWIFT_EMIT_LOC_STRINGS = NO;
				SWIFT_UPCOMING_FEATURE_MEMBER_IMPORT_VISIBILITY = YES;
				SWIFT_VERSION = 5.0;
				TARGETED_DEVICE_FAMILY = "1,2";
				TEST_TARGET_NAME = PataGilid;
			};
			name = Debug;
		};
		54778C54301721E0000E29EB /* Release */ = {
			isa = XCBuildConfiguration;
			buildSettings = {
				CODE_SIGN_STYLE = Automatic;
				CURRENT_PROJECT_VERSION = 1;
				DEVELOPMENT_TEAM = J88XR9DQS4;
				GENERATE_INFOPLIST_FILE = YES;
				MARKETING_VERSION = 1.0;
				PRODUCT_BUNDLE_IDENTIFIER = com.abrasaldomark.PataGilidUITests;
				PRODUCT_NAME = "$(TARGET_NAME)";
				STRING_CATALOG_GENERATE_SYMBOLS = NO;
				SWIFT_APPROACHABLE_CONCURRENCY = YES;
				SWIFT_EMIT_LOC_STRINGS = NO;
				SWIFT_UPCOMING_FEATURE_MEMBER_IMPORT_VISIBILITY = YES;
				SWIFT_VERSION = 5.0;
				TARGETED_DEVICE_FAMILY = "1,2";
				TEST_TARGET_NAME = PataGilid;
			};
			name = Release;
		};
/* End XCBuildConfiguration section */

/* Begin XCConfigurationList section */
		54778C24301721DE000E29EB /* Build configuration list for PBXProject "PataGilid" */ = {
			isa = XCConfigurationList;
			buildConfigurations = (
				54778C4A301721E0000E29EB /* Debug */,
				54778C4B301721E0000E29EB /* Release */,
			);
			defaultConfigurationIsVisible = 0;
			defaultConfigurationName = Release;
		};
		54778C4C301721E0000E29EB /* Build configuration list for PBXNativeTarget "PataGilid" */ = {
			isa = XCConfigurationList;
			buildConfigurations = (
				54778C4D301721E0000E29EB /* Debug */,
				54778C4E301721E0000E29EB /* Release */,
			);
			defaultConfigurationIsVisible = 0;
			defaultConfigurationName = Release;
		};
		54778C4F301721E0000E29EB /* Build configuration list for PBXNativeTarget "PataGilidTests" */ = {
			isa = XCConfigurationList;
			buildConfigurations = (
				54778C50301721E0000E29EB /* Debug */,
				54778C51301721E0000E29EB /* Release */,
			);
			defaultConfigurationIsVisible = 0;
			defaultConfigurationName = Release;
		};
		54778C52301721E0000E29EB /* Build configuration list for PBXNativeTarget "PataGilidUITests" */ = {
			isa = XCConfigurationList;
			buildConfigurations = (
				54778C53301721E0000E29EB /* Debug */,
				54778C54301721E0000E29EB /* Release */,
			);
			defaultConfigurationIsVisible = 0;
			defaultConfigurationName = Release;
		};
/* End XCConfigurationList section */

/* Begin XCRemoteSwiftPackageReference section */
		54B3876D301724C000CAAC0B /* XCRemoteSwiftPackageReference "ios-maps-sdk" */ = {
			isa = XCRemoteSwiftPackageReference;
			repositoryURL = "https://github.com/googlemaps/ios-maps-sdk";
			requirement = {
				kind = upToNextMajorVersion;
				minimumVersion = 10.15.0;
			};
		};
		54B38770301724D700CAAC0B /* XCRemoteSwiftPackageReference "GoogleSignIn-iOS" */ = {
			isa = XCRemoteSwiftPackageReference;
			repositoryURL = "https://github.com/google/GoogleSignIn-iOS";
			requirement = {
				kind = upToNextMajorVersion;
				minimumVersion = 9.2.0;
			};
		};
		54B387733017253700CAAC0B /* XCRemoteSwiftPackageReference "firebase-ios-sdk" */ = {
			isa = XCRemoteSwiftPackageReference;
			repositoryURL = "https://github.com/firebase/firebase-ios-sdk";
			requirement = {
				kind = upToNextMajorVersion;
				minimumVersion = 12.16.0;
			};
		};
/* End XCRemoteSwiftPackageReference section */

/* Begin XCSwiftPackageProductDependency section */
		06CD5044F86AAD3EC9C6DA8D /* FirebaseCore */ = {
			isa = XCSwiftPackageProductDependency;
			package = 54B387733017253700CAAC0B /* XCRemoteSwiftPackageReference "firebase-ios-sdk" */;
			productName = FirebaseCore;
		};
		54B3876E301724C000CAAC0B /* GoogleMaps */ = {
			isa = XCSwiftPackageProductDependency;
			package = 54B3876D301724C000CAAC0B /* XCRemoteSwiftPackageReference "ios-maps-sdk" */;
			productName = GoogleMaps;
		};
		54B38771301724D700CAAC0B /* GoogleSignIn */ = {
			isa = XCSwiftPackageProductDependency;
			package = 54B38770301724D700CAAC0B /* XCRemoteSwiftPackageReference "GoogleSignIn-iOS" */;
			productName = GoogleSignIn;
		};
		54B387743017253700CAAC0B /* FirebaseAnalytics */ = {
			isa = XCSwiftPackageProductDependency;
			package = 54B387733017253700CAAC0B /* XCRemoteSwiftPackageReference "firebase-ios-sdk" */;
			productName = FirebaseAnalytics;
		};
		54B387763017253700CAAC0B /* FirebaseAuth */ = {
			isa = XCSwiftPackageProductDependency;
			package = 54B387733017253700CAAC0B /* XCRemoteSwiftPackageReference "firebase-ios-sdk" */;
			productName = FirebaseAuth;
		};
		54B387783017253700CAAC0B /* FirebaseCrashlytics */ = {
			isa = XCSwiftPackageProductDependency;
			package = 54B387733017253700CAAC0B /* XCRemoteSwiftPackageReference "firebase-ios-sdk" */;
			productName = FirebaseCrashlytics;
		};
		54B3877A3017253700CAAC0B /* FirebaseFirestore */ = {
			isa = XCSwiftPackageProductDependency;
			package = 54B387733017253700CAAC0B /* XCRemoteSwiftPackageReference "firebase-ios-sdk" */;
			productName = FirebaseFirestore;
		};
		54B3877C3017253700CAAC0B /* FirebaseMessaging */ = {
			isa = XCSwiftPackageProductDependency;
			package = 54B387733017253700CAAC0B /* XCRemoteSwiftPackageReference "firebase-ios-sdk" */;
			productName = FirebaseMessaging;
		};
/* End XCSwiftPackageProductDependency section */
	};
	rootObject = 54778C21301721DE000E29EB /* Project object */;
}
